# This file is autogenerated, do not edit; changes may be undone by the next 'dep ensure'.


[[projects]]
  name = "github.com/caarlos0/env"
  packages = ["."]
  revision = "b1dce163743c66634eeef5988da14b031b1aa8f6"
  version = "v6.1.0"

[[projects]]
  name = "github.com/dgrijalva/jwt-go"
  packages = ["."]
  revision = "06ea1031745cb8b3dab3f6a236daf2b0aa468b7e"
  version = "v3.2.0"

[[projects]]
  name = "github.com/go-chi/chi"
  packages = [".","middleware"]
  revision = "da24bba8dcd4021cafac38724bf10dccc97c3e36"
  version = "v4.0.2"

[[projects]]
  name = "github.com/go-chi/cors"
  packages = ["."]
  revision = "dba6525398619dead495962a916728e7ee2ca322"
  version = "v1.0.0"

[[projects]]
  name = "github.com/go-chi/jwtauth"
  packages = ["."]
  revision = "38b5b1fc41f6b8558a986bce123ba4818832fda0"
  version = "v4.0.3"

[[projects]]
  name = "github.com/go-ozzo/ozzo-dbx"
  packages = ["."]
  revision = "e984ee904f1b2df904d0b2e6b2ca5064c87c0409"
  version = "v1.1"

[[projects]]
  name = "github.com/go-telegram-bot-api/telegram-bot-api"
  packages = ["."]
  revision = "9860bdfd3a171ceafb6e1eafa163482a6ef92643"
  version = "v4.6.4"

[[projects]]
  name = "github.com/inconshreveable/mousetrap"
  packages = ["."]
  revision = "76626ae9c91c4f2a10f34cad8ce83ea42c93bb75"
  version = "v1.0"

[[projects]]
  name = "github.com/konsorten/go-windows-terminal-sequences"
  packages = ["."]
  revision = "f55edac94c9bbba5d6182a4be46d86a2c9b5b50e"
  version = "v1.0.2"

[[projects]]
  name = "github.com/lib/pq"
  packages = [".","oid","scram"]
  revision = "3427c32cb71afc948325f299f040e53c1dd78979"
  version = "v1.2.0"

[[projects]]
  name = "github.com/pkg/errors"
  packages = ["."]
  revision = "ba968bfe8b2f7e042a574c888954fccecfa385b4"
  version = "v0.8.1"

[[projects]]
  branch = "master"
  name = "github.com/rubenv/sql-migrate"
  packages = [".","sqlparse"]
  revision = "ce2300be8dc8fc2fb36dd8c733228d7985d8a0a8"

[[projects]]
  name = "github.com/sirupsen/logrus"
  packages = ["."]
  revision = "839c75faf7f98a33d445d181f3018b5c3409a45e"
  version = "v1.4.2"

[[projects]]
  name = "github.com/spf13/cast"
  packages = ["."]
  revision = "8c9545af88b134710ab1cd196795e7f2388358d7"
  version = "v1.3.0"

[[projects]]
  name = "github.com/spf13/cobra"
  packages = ["."]
  revision = "f2b07da1e2c38d5f12845a4f607e2e1018cbb1f5"
  version = "v0.0.5"

[[projects]]
  name = "github.com/spf13/pflag"
  packages = ["."]
  revision = "2e9d26c8c37aae03e3f9d4e90b7116f5accb7cab"
  version = "v1.0.5"

[[projects]]
  name = "github.com/technoweenie/multipartstreamer"
  packages = ["."]
  revision = "a90a01d73ae432e2611d178c18367fbaa13e0154"
  version = "v1.0.1"

[[projects]]
  name = "github.com/twinj/uuid"
  packages = ["."]
  revision = "835a10bbd6bce40820349a68b1368a62c3c5617c"
  version = "v1.0.0"

[[projects]]
  branch = "master"
  name = "golang.org/x/sys"
  packages = ["unix"]
  revision = "f068ffe820e46336f56dfca7777430582d6e507b"

[[projects]]
  name = "gopkg.in/gorp.v1"
  packages = ["."]
  revision = "6a667da9c028871f98598d85413e3fc4c6daa52e"
  version = "v1.7.2"

[solve-meta]
  analyzer-name = "dep"
  analyzer-version = 1
  inputs-digest = "1b69afb48ec4374c9e8e5ed096586dad375dc96b1a17b646170673f3dd24982d"
  solver-name = "gps-cdcl"
  solver-version = 1
